
Microsoft Visual Studio Solution File, Format Version 12.00
# Visual Studio Version 17
VisualStudioVersion = 17.9.34723.18
MinimumVisualStudioVersion = 10.0.40219.1
Project("{FAE04EC0-301F-11D3-BF4B-00C04F79EFBC}") = "ConsoleChess", "ConsoleChess\ConsoleChess.csproj", "{606B1283-0E0F-401B-AFE9-99D61067BBD8}"
EndProject
Global
	GlobalSection(SolutionConfigurationPlatforms) = preSolution
		Debug|Any CPU = Debug|Any CPU
		Release|Any CPU = Release|Any CPU
	EndGlobalSection
	GlobalSection(ProjectConfigurationPlatforms) = postSolution
		{606B1283-0E0F-401B-AFE9-99D61067BBD8}.Debug|Any CPU.ActiveCfg = Debug|Any CPU
		{606B1283-0E0F-401B-AFE9-99D61067BBD8}.Debug|Any CPU.Build.0 = Debug|Any CPU
		{606B1283-0E0F-401B-AFE9-99D61067BBD8}.Release|Any CPU.ActiveCfg = Release|Any CPU
		{606B1283-0E0F-401B-AFE9-99D61067BBD8}.Release|Any CPU.Build.0 = Release|Any CPU
	EndGlobalSection
	GlobalSection(SolutionProperties) = preSolution
		HideSolutionNode = FALSE
	EndGlobalSection
	GlobalSection(ExtensibilityGlobals) = postSolution
		SolutionGuid = {C045AC00-5140-411F-9402-7C1BD6CB3623}
	EndGlobalSection
EndGlobal
